
Microsoft Visual Studio Solution File, Format Version 12.00
# Visual Studio Version 16
VisualStudioVersion = 16.0.31702.278
MinimumVisualStudioVersion = 10.0.40219.1
Project("{9A19103F-16F7-4668-BE54-9A1E7A4F7556}") = "BLL", "Lab3\BLL.csproj", "{EB497D4C-3EB6-4B89-BB38-AD6868B9E6C2}"
EndProject
Project("{9A19103F-16F7-4668-BE54-9A1E7A4F7556}") = "PL", "PL\PL.csproj", "{7FB3FC78-DD23-4C68-B253-A40CAB6176B5}"
EndProject
Project("{9A19103F-16F7-4668-BE54-9A1E7A4F7556}") = "CompositionRoot", "CompositionRoot\CompositionRoot.csproj", "{00CA5C7C-FBA6-4C4D-9884-65F6EFAC2BC8}"
EndProject
Project("{FAE04EC0-301F-11D3-BF4B-00C04F79EFBC}") = "DAL", "DAL\DAL.csproj", "{DCA32512-44DC-4CC9-AA6E-5DD91F7C013F}"
EndProject
Project("{FAE04EC0-301F-11D3-BF4B-00C04F79EFBC}") = "Test", "Test\Test.csproj", "{857796E8-E72F-4AA0-AF65-2AF5EFE61C19}"
EndProject
Global
	GlobalSection(SolutionConfigurationPlatforms) = preSolution
		Debug|Any CPU = Debug|Any CPU
		Release|Any CPU = Release|Any CPU
	EndGlobalSection
	GlobalSection(ProjectConfigurationPlatforms) = postSolution
		{EB497D4C-3EB6-4B89-BB38-AD6868B9E6C2}.Debug|Any CPU.ActiveCfg = Debug|Any CPU
		{EB497D4C-3EB6-4B89-BB38-AD6868B9E6C2}.Debug|Any CPU.Build.0 = Debug|Any CPU
		{EB497D4C-3EB6-4B89-BB38-AD6868B9E6C2}.Release|Any CPU.ActiveCfg = Release|Any CPU
		{EB497D4C-3EB6-4B89-BB38-AD6868B9E6C2}.Release|Any CPU.Build.0 = Release|Any CPU
		{7FB3FC78-DD23-4C68-B253-A40CAB6176B5}.Debug|Any CPU.ActiveCfg = Debug|Any CPU
		{7FB3FC78-DD23-4C68-B253-A40CAB6176B5}.Debug|Any CPU.Build.0 = Debug|Any CPU
		{7FB3FC78-DD23-4C68-B253-A40CAB6176B5}.Release|Any CPU.ActiveCfg = Release|Any CPU
		{7FB3FC78-DD23-4C68-B253-A40CAB6176B5}.Release|Any CPU.Build.0 = Release|Any CPU
		{00CA5C7C-FBA6-4C4D-9884-65F6EFAC2BC8}.Debug|Any CPU.ActiveCfg = Debug|Any CPU
		{00CA5C7C-FBA6-4C4D-9884-65F6EFAC2BC8}.Debug|Any CPU.Build.0 = Debug|Any CPU
		{00CA5C7C-FBA6-4C4D-9884-65F6EFAC2BC8}.Release|Any CPU.ActiveCfg = Release|Any CPU
		{00CA5C7C-FBA6-4C4D-9884-65F6EFAC2BC8}.Release|Any CPU.Build.0 = Release|Any CPU
		{DCA32512-44DC-4CC9-AA6E-5DD91F7C013F}.Debug|Any CPU.ActiveCfg = Debug|Any CPU
		{DCA32512-44DC-4CC9-AA6E-5DD91F7C013F}.Debug|Any CPU.Build.0 = Debug|Any CPU
		{DCA32512-44DC-4CC9-AA6E-5DD91F7C013F}.Release|Any CPU.ActiveCfg = Release|Any CPU
		{DCA32512-44DC-4CC9-AA6E-5DD91F7C013F}.Release|Any CPU.Build.0 = Release|Any CPU
		{857796E8-E72F-4AA0-AF65-2AF5EFE61C19}.Debug|Any CPU.ActiveCfg = Debug|Any CPU
		{857796E8-E72F-4AA0-AF65-2AF5EFE61C19}.Debug|Any CPU.Build.0 = Debug|Any CPU
		{857796E8-E72F-4AA0-AF65-2AF5EFE61C19}.Release|Any CPU.ActiveCfg = Release|Any CPU
		{857796E8-E72F-4AA0-AF65-2AF5EFE61C19}.Release|Any CPU.Build.0 = Release|Any CPU
	EndGlobalSection
	GlobalSection(SolutionProperties) = preSolution
		HideSolutionNode = FALSE
	EndGlobalSection
	GlobalSection(ExtensibilityGlobals) = postSolution
		SolutionGuid = {420A13E6-2B81-400D-899E-7B224A794239}
	EndGlobalSection
EndGlobal
